
Microsoft Visual Studio Solution File, Format Version 12.00
# Visual Studio Version 17
VisualStudioVersion = 17.0.31903.59
MinimumVisualStudioVersion = 10.0.40219.1
Project("{2150E333-8FDC-42A3-9474-1A3956D46DE8}") = "src", "src", "{FD5E8CF5-B512-4088-AAF4-0A886D25DEE7}"
EndProject
Project("{FAE04EC0-301F-11D3-BF4B-00C04F79EFBC}") = "Chu.Bank.Inc.Api", "src\Chu.Bank.Inc.Api\Chu.Bank.Inc.Api.csproj", "{634CF32F-91B8-46D4-8780-FEA91F9E3DFD}"
EndProject
Project("{FAE04EC0-301F-11D3-BF4B-00C04F79EFBC}") = "Chu.Bank.Inc.Domain", "src\Chu.Bank.Inc.Domain\Chu.Bank.Inc.Domain.csproj", "{010D33C2-84B6-45E6-805A-DF194F06BE4A}"
EndProject
Project("{FAE04EC0-301F-11D3-BF4B-00C04F79EFBC}") = "Chu.Bank.Inc.Application", "src\Chu.Bank.Inc.Application\Chu.Bank.Inc.Application.csproj", "{1765D63A-C05A-48B3-85E9-7DDFABD9DA52}"
EndProject
Project("{FAE04EC0-301F-11D3-BF4B-00C04F79EFBC}") = "Chu.Bank.Inc.Infrastructure", "src\Chu.Bank.Inc.Infrastructure\Chu.Bank.Inc.Infrastructure.csproj", "{085E27DF-FDEB-4C4C-BF25-7CA13B7AF11E}"
EndProject
Project("{2150E333-8FDC-42A3-9474-1A3956D46DE8}") = "tests", "tests", "{11D776B8-5A53-421D-AC9A-E0F39B00FDDB}"
EndProject
Project("{FAE04EC0-301F-11D3-BF4B-00C04F79EFBC}") = "Chu.Bank.Inc.UnitTests", "tests\Chu.Bank.Inc.UnitTests\Chu.Bank.Inc.UnitTests.csproj", "{B77A72FA-5C55-44DF-A779-9114A1089091}"
EndProject
Project("{FAE04EC0-301F-11D3-BF4B-00C04F79EFBC}") = "Chu.Bank.Inc.IntegrationTests", "tests\Chu.Bank.Inc.IntegrationTests\Chu.Bank.Inc.IntegrationTests.csproj", "{A2AE593C-8693-4F25-8FA0-DF8C2C0851A4}"
EndProject
Global
	GlobalSection(SolutionConfigurationPlatforms) = preSolution
		Debug|Any CPU = Debug|Any CPU
		Release|Any CPU = Release|Any CPU
	EndGlobalSection
	GlobalSection(SolutionProperties) = preSolution
		HideSolutionNode = FALSE
	EndGlobalSection
	GlobalSection(ProjectConfigurationPlatforms) = postSolution
		{634CF32F-91B8-46D4-8780-FEA91F9E3DFD}.Debug|Any CPU.ActiveCfg = Debug|Any CPU
		{634CF32F-91B8-46D4-8780-FEA91F9E3DFD}.Debug|Any CPU.Build.0 = Debug|Any CPU
		{634CF32F-91B8-46D4-8780-FEA91F9E3DFD}.Release|Any CPU.ActiveCfg = Release|Any CPU
		{634CF32F-91B8-46D4-8780-FEA91F9E3DFD}.Release|Any CPU.Build.0 = Release|Any CPU
		{010D33C2-84B6-45E6-805A-DF194F06BE4A}.Debug|Any CPU.ActiveCfg = Debug|Any CPU
		{010D33C2-84B6-45E6-805A-DF194F06BE4A}.Debug|Any CPU.Build.0 = Debug|Any CPU
		{010D33C2-84B6-45E6-805A-DF194F06BE4A}.Release|Any CPU.ActiveCfg = Release|Any CPU
		{010D33C2-84B6-45E6-805A-DF194F06BE4A}.Release|Any CPU.Build.0 = Release|Any CPU
		{1765D63A-C05A-48B3-85E9-7DDFABD9DA52}.Debug|Any CPU.ActiveCfg = Debug|Any CPU
		{1765D63A-C05A-48B3-85E9-7DDFABD9DA52}.Debug|Any CPU.Build.0 = Debug|Any CPU
		{1765D63A-C05A-48B3-85E9-7DDFABD9DA52}.Release|Any CPU.ActiveCfg = Release|Any CPU
		{1765D63A-C05A-48B3-85E9-7DDFABD9DA52}.Release|Any CPU.Build.0 = Release|Any CPU
		{085E27DF-FDEB-4C4C-BF25-7CA13B7AF11E}.Debug|Any CPU.ActiveCfg = Debug|Any CPU
		{085E27DF-FDEB-4C4C-BF25-7CA13B7AF11E}.Debug|Any CPU.Build.0 = Debug|Any CPU
		{085E27DF-FDEB-4C4C-BF25-7CA13B7AF11E}.Release|Any CPU.ActiveCfg = Release|Any CPU
		{085E27DF-FDEB-4C4C-BF25-7CA13B7AF11E}.Release|Any CPU.Build.0 = Release|Any CPU
		{B77A72FA-5C55-44DF-A779-9114A1089091}.Debug|Any CPU.ActiveCfg = Debug|Any CPU
		{B77A72FA-5C55-44DF-A779-9114A1089091}.Debug|Any CPU.Build.0 = Debug|Any CPU
		{B77A72FA-5C55-44DF-A779-9114A1089091}.Release|Any CPU.ActiveCfg = Release|Any CPU
		{B77A72FA-5C55-44DF-A779-9114A1089091}.Release|Any CPU.Build.0 = Release|Any CPU
		{A2AE593C-8693-4F25-8FA0-DF8C2C0851A4}.Debug|Any CPU.ActiveCfg = Debug|Any CPU
		{A2AE593C-8693-4F25-8FA0-DF8C2C0851A4}.Debug|Any CPU.Build.0 = Debug|Any CPU
		{A2AE593C-8693-4F25-8FA0-DF8C2C0851A4}.Release|Any CPU.ActiveCfg = Release|Any CPU
		{A2AE593C-8693-4F25-8FA0-DF8C2C0851A4}.Release|Any CPU.Build.0 = Release|Any CPU
	EndGlobalSection
	GlobalSection(NestedProjects) = preSolution
		{634CF32F-91B8-46D4-8780-FEA91F9E3DFD} = {FD5E8CF5-B512-4088-AAF4-0A886D25DEE7}
		{010D33C2-84B6-45E6-805A-DF194F06BE4A} = {FD5E8CF5-B512-4088-AAF4-0A886D25DEE7}
		{1765D63A-C05A-48B3-85E9-7DDFABD9DA52} = {FD5E8CF5-B512-4088-AAF4-0A886D25DEE7}
		{085E27DF-FDEB-4C4C-BF25-7CA13B7AF11E} = {FD5E8CF5-B512-4088-AAF4-0A886D25DEE7}
		{B77A72FA-5C55-44DF-A779-9114A1089091} = {11D776B8-5A53-421D-AC9A-E0F39B00FDDB}
		{A2AE593C-8693-4F25-8FA0-DF8C2C0851A4} = {11D776B8-5A53-421D-AC9A-E0F39B00FDDB}
	EndGlobalSection
EndGlobal
